
Microsoft Visual Studio Solution File, Format Version 12.00
# Visual Studio Version 16
VisualStudioVersion = 16.0.31424.327
MinimumVisualStudioVersion = 10.0.40219.1
Project("{9A19103F-16F7-4668-BE54-9A1E7A4F7556}") = "DealershipProject", "DealershipProject.csproj", "{30F7C970-C61A-417D-9A9E-EA43AB5A5BD1}"
EndProject
Project("{FAE04EC0-301F-11D3-BF4B-00C04F79EFBC}") = "DealershipTests", "..\DealershipTests\DealershipTests.csproj", "{B7D3A1A3-C73D-403D-BDB5-F70015B1F8CC}"
EndProject
Global
	GlobalSection(SolutionConfigurationPlatforms) = preSolution
		Debug|Any CPU = Debug|Any CPU
		Release|Any CPU = Release|Any CPU
	EndGlobalSection
	GlobalSection(ProjectConfigurationPlatforms) = postSolution
		{30F7C970-C61A-417D-9A9E-EA43AB5A5BD1}.Debug|Any CPU.ActiveCfg = Debug|Any CPU
		{30F7C970-C61A-417D-9A9E-EA43AB5A5BD1}.Debug|Any CPU.Build.0 = Debug|Any CPU
		{30F7C970-C61A-417D-9A9E-EA43AB5A5BD1}.Release|Any CPU.ActiveCfg = Release|Any CPU
		{30F7C970-C61A-417D-9A9E-EA43AB5A5BD1}.Release|Any CPU.Build.0 = Release|Any CPU
		{B7D3A1A3-C73D-403D-BDB5-F70015B1F8CC}.Debug|Any CPU.ActiveCfg = Debug|Any CPU
		{B7D3A1A3-C73D-403D-BDB5-F70015B1F8CC}.Debug|Any CPU.Build.0 = Debug|Any CPU
		{B7D3A1A3-C73D-403D-BDB5-F70015B1F8CC}.Release|Any CPU.ActiveCfg = Release|Any CPU
		{B7D3A1A3-C73D-403D-BDB5-F70015B1F8CC}.Release|Any CPU.Build.0 = Release|Any CPU
	EndGlobalSection
	GlobalSection(SolutionProperties) = preSolution
		HideSolutionNode = FALSE
	EndGlobalSection
	GlobalSection(ExtensibilityGlobals) = postSolution
		SolutionGuid = {603703A6-088A-4281-A487-8A1A9E5DDE73}
	EndGlobalSection
EndGlobal
